
Microsoft Visual Studio Solution File, Format Version 12.00
# Visual Studio Version 17
VisualStudioVersion = 17.3.32825.248
MinimumVisualStudioVersion = 10.0.40219.1
Project("{FAE04EC0-301F-11D3-BF4B-00C04F79EFBC}") = "TryCatch", "TryCatch\TryCatch.csproj", "{AAB231CF-FF6E-4F5A-A6E2-5D856D011C9C}"
EndProject
Global
	GlobalSection(SolutionConfigurationPlatforms) = preSolution
		Debug|Any CPU = Debug|Any CPU
		Release|Any CPU = Release|Any CPU
	EndGlobalSection
	GlobalSection(ProjectConfigurationPlatforms) = postSolution
		{AAB231CF-FF6E-4F5A-A6E2-5D856D011C9C}.Debug|Any CPU.ActiveCfg = Debug|Any CPU
		{AAB231CF-FF6E-4F5A-A6E2-5D856D011C9C}.Debug|Any CPU.Build.0 = Debug|Any CPU
		{AAB231CF-FF6E-4F5A-A6E2-5D856D011C9C}.Release|Any CPU.ActiveCfg = Release|Any CPU
		{AAB231CF-FF6E-4F5A-A6E2-5D856D011C9C}.Release|Any CPU.Build.0 = Release|Any CPU
	EndGlobalSection
	GlobalSection(SolutionProperties) = preSolution
		HideSolutionNode = FALSE
	EndGlobalSection
	GlobalSection(ExtensibilityGlobals) = postSolution
		SolutionGuid = {7C01EF0E-0B2F-4B11-9BA9-01D00553FE41}
	EndGlobalSection
EndGlobal
